
Microsoft Visual Studio Solution File, Format Version 12.00
# Visual Studio Version 17
VisualStudioVersion = 17.7.34024.191
MinimumVisualStudioVersion = 10.0.40219.1
Project("{FAE04EC0-301F-11D3-BF4B-00C04F79EFBC}") = "LabaN2TP_DB", "LabaN2TP_DB.csproj", "{07689266-1D07-4299-B836-5998107B5D10}"
EndProject
Global
	GlobalSection(SolutionConfigurationPlatforms) = preSolution
		Debug|Any CPU = Debug|Any CPU
		Release|Any CPU = Release|Any CPU
	EndGlobalSection
	GlobalSection(ProjectConfigurationPlatforms) = postSolution
		{07689266-1D07-4299-B836-5998107B5D10}.Debug|Any CPU.ActiveCfg = Debug|Any CPU
		{07689266-1D07-4299-B836-5998107B5D10}.Debug|Any CPU.Build.0 = Debug|Any CPU
		{07689266-1D07-4299-B836-5998107B5D10}.Release|Any CPU.ActiveCfg = Release|Any CPU
		{07689266-1D07-4299-B836-5998107B5D10}.Release|Any CPU.Build.0 = Release|Any CPU
	EndGlobalSection
	GlobalSection(SolutionProperties) = preSolution
		HideSolutionNode = FALSE
	EndGlobalSection
	GlobalSection(ExtensibilityGlobals) = postSolution
		SolutionGuid = {6AD71528-54A9-47D8-8682-75D7E7AE0780}
	EndGlobalSection
EndGlobal
